// !$*UTF8*$!
{
	archiveVersion = 1;
	classes = {
	};
	objectVersion = 77;
	objects = {

/* Begin PBXBuildFile section */
		AF4A140C2D05D86B002D1527 /* FirebaseAnalytics in Frameworks */ = {isa = PBXBuildFile; productRef = AF4A140B2D05D86B002D1527 /* FirebaseAnalytics */; };
/* End PBXBuildFile section */

/* Begin PBXContainerItemProxy section */
		AF4A13862D03E5EE002D1527 /* PBXContainerItemProxy */ = {
			isa = PBXContainerItemProxy;
			containerPortal = AF4A136D2D03E5ED002D1527 /* Project object */;
			proxyType = 1;
			remoteGlobalIDString = AF4A13742D03E5ED002D1527;
			remoteInfo = MyVesre;
		};
		AF4A13902D03E5EE002D1527 /* PBXContainerItemProxy */ = {
			isa = PBXContainerItemProxy;
			containerPortal = AF4A136D2D03E5ED002D1527 /* Project object */;
			proxyType = 1;
			remoteGlobalIDString = AF4A13742D03E5ED002D1527;
			remoteInfo = MyVesre;
		};
/* End PBXContainerItemProxy section */

/* Begin PBXFileReference section */
		AF4A13752D03E5ED002D1527 /* MyVesre.app */ = {isa = PBXFileReference; explicitFileType = wrapper.application; includeInIndex = 0; path = MyVesre.app; sourceTree = BUILT_PRODUCTS_DIR; };
		AF4A13852D03E5EE002D1527 /* MyVesreTests.xctest */ = {isa = PBXFileReference; explicitFileType = wrapper.cfbundle; includeInIndex = 0; path = MyVesreTests.xctest; sourceTree = BUILT_PRODUCTS_DIR; };
		AF4A138F2D03E5EE002D1527 /* MyVesreUITests.xctest */ = {isa = PBXFileReference; explicitFileType = wrapper.cfbundle; includeInIndex = 0; path = MyVesreUITests.xctest; sourceTree = BUILT_PRODUCTS_DIR; };
/* End PBXFileReference section */

/* Begin PBXFileSystemSynchronizedRootGroup section */
		AF4A13772D03E5ED002D1527 /* MyVesre */ = {
			isa = PBXFileSystemSynchronizedRootGroup;
			path = MyVesre;
			sourceTree = "<group>";
		};
		AF4A13882D03E5EE002D1527 /* MyVesreTests */ = {
			isa = PBXFileSystemSynchronizedRootGroup;
			path = MyVesreTests;
			sourceTree = "<group>";
		};
		AF4A13922D03E5EE002D1527 /* MyVesreUITests */ = {
			isa = PBXFileSystemSynchronizedRootGroup;
			path = MyVesreUITests;
			sourceTree = "<group>";
		};
/* End PBXFileSystemSynchronizedRootGroup section */

/* Begin PBXFrameworksBuildPhase section */
		AF4A13722D03E5ED002D1527 /* Frameworks */ = {
			isa = PBXFrameworksBuildPhase;
			buildActionMask = 2147483647;
			files = (
				AF4A140C2D05D86B002D1527 /* FirebaseAnalytics in Frameworks */,
			);
			runOnlyForDeploymentPostprocessing = 0;
		};
		AF4A13822D03E5EE002D1527 /* Frameworks */ = {
			isa = PBXFrameworksBuildPhase;
			buildActionMask = 2147483647;
			files = (
			);
			runOnlyForDeploymentPostprocessing = 0;
		};
		AF4A138C2D03E5EE002D1527 /* Frameworks */ = {
			isa = PBXFrameworksBuildPhase;
			buildActionMask = 2147483647;
			files = (
			);
			runOnlyForDeploymentPostprocessing = 0;
		};
/* End PBXFrameworksBuildPhase section */

/* Begin PBXGroup section */
		AF4A136C2D03E5ED002D1527 = {
			isa = PBXGroup;
			children = (
				AF4A13772D03E5ED002D1527 /* MyVesre */,
				AF4A13882D03E5EE002D1527 /* MyVesreTests */,
				AF4A13922D03E5EE002D1527 /* MyVesreUITests */,
				AF4A13762D03E5ED002D1527 /* Products */,
			);
			sourceTree = "<group>";
		};
		AF4A13762D03E5ED002D1527 /* Products */ = {
			isa = PBXGroup;
			children = (
				AF4A13752D03E5ED002D1527 /* MyVesre.app */,
				AF4A13852D03E5EE002D1527 /* MyVesreTests.xctest */,
				AF4A138F2D03E5EE002D1527 /* MyVesreUITests.xctest */,
			);
			name = Products;
			sourceTree = "<group>";
		};
/* End PBXGroup section */

/* Begin PBXNativeTarget section */
		AF4A13742D03E5ED002D1527 /* MyVesre */ = {
			isa = PBXNativeTarget;
			buildConfigurationList = AF4A13992D03E5EE002D1527 /* Build configuration list for PBXNativeTarget "MyVesre" */;
			buildPhases = (
				AF4A13712D03E5ED002D1527 /* Sources */,
				AF4A13722D03E5ED002D1527 /* Frameworks */,
				AF4A13732D03E5ED002D1527 /* Resources */,
			);
			buildRules = (
			);
			dependencies = (
			);
			fileSystemSynchronizedGroups = (
				AF4A13772D03E5ED002D1527 /* MyVesre */,
			);
			name = MyVesre;
			packageProductDependencies = (
				AF4A140B2D05D86B002D1527 /* FirebaseAnalytics */,
			);
			productName = MyVesre;
			productReference = AF4A13752D03E5ED002D1527 /* MyVesre.app */;
			productType = "com.apple.product-type.application";
		};
		AF4A13842D03E5EE002D1527 /* MyVesreTests */ = {
			isa = PBXNativeTarget;
			buildConfigurationList = AF4A139C2D03E5EE002D1527 /* Build configuration list for PBXNativeTarget "MyVesreTests" */;
			buildPhases = (
				AF4A13812D03E5EE002D1527 /* Sources */,
				AF4A13822D03E5EE002D1527 /* Frameworks */,
				AF4A13832D03E5EE002D1527 /* Resources */,
			);
			buildRules = (
			);
			dependencies = (
				AF4A13872D03E5EE002D1527 /* PBXTargetDependency */,
			);
			fileSystemSynchronizedGroups = (
				AF4A13882D03E5EE002D1527 /* MyVesreTests */,
			);
			name = MyVesreTests;
			packageProductDependencies = (
			);
			productName = MyVesreTests;
			productReference = AF4A13852D03E5EE002D1527 /* MyVesreTests.xctest */;
			productType = "com.apple.product-type.bundle.unit-test";
		};
		AF4A138E2D03E5EE002D1527 /* MyVesreUITests */ = {
			isa = PBXNativeTarget;
			buildConfigurationList = AF4A139F2D03E5EE002D1527 /* Build configuration list for PBXNativeTarget "MyVesreUITests" */;
			buildPhases = (
				AF4A138B2D03E5EE002D1527 /* Sources */,
				AF4A138C2D03E5EE002D1527 /* Frameworks */,
				AF4A138D2D03E5EE002D1527 /* Resources */,
			);
			buildRules = (
			);
			dependencies = (
				AF4A13912D03E5EE002D1527 /* PBXTargetDependency */,
			);
			fileSystemSynchronizedGroups = (
				AF4A13922D03E5EE002D1527 /* MyVesreUITests */,
			);
			name = MyVesreUITests;
			packageProductDependencies = (
			);
			productName = MyVesreUITests;
			productReference = AF4A138F2D03E5EE002D1527 /* MyVesreUITests.xctest */;
			productType = "com.apple.product-type.bundle.ui-testing";
		};
/* End PBXNativeTarget section */

/* Begin PBXProject section */
		AF4A136D2D03E5ED002D1527 /* Project object */ = {
			isa = PBXProject;
			attributes = {
				BuildIndependentTargetsInParallel = 1;
				LastSwiftUpdateCheck = 1610;
				LastUpgradeCheck = 1610;
				TargetAttributes = {
					AF4A13742D03E5ED002D1527 = {
						CreatedOnToolsVersion = 16.1;
					};
					AF4A13842D03E5EE002D1527 = {
						CreatedOnToolsVersion = 16.1;
						TestTargetID = AF4A13742D03E5ED002D1527;
					};
					AF4A138E2D03E5EE002D1527 = {
						CreatedOnToolsVersion = 16.1;
						TestTargetID = AF4A13742D03E5ED002D1527;
					};
				};
			};
			buildConfigurationList = AF4A13702D03E5ED002D1527 /* Build configuration list for PBXProject "MyVesre" */;
			developmentRegion = en;
			hasScannedForEncodings = 0;
			knownRegions = (
				en,
				Base,
			);
			mainGroup = AF4A136C2D03E5ED002D1527;
			minimizedProjectReferenceProxies = 1;
			packageReferences = (
				AF4A140A2D05D86B002D1527 /* XCRemoteSwiftPackageReference "firebase-ios-sdk" */,
			);
			preferredProjectObjectVersion = 77;
			productRefGroup = AF4A13762D03E5ED002D1527 /* Products */;
			projectDirPath = "";
			projectRoot = "";
			targets = (
				AF4A13742D03E5ED002D1527 /* MyVesre */,
				AF4A13842D03E5EE002D1527 /* MyVesreTests */,
				AF4A138E2D03E5EE002D1527 /* MyVesreUITests */,
			);
		};
/* End PBXProject section */

/* Begin PBXResourcesBuildPhase section */
		AF4A13732D03E5ED002D1527 /* Resources */ = {
			isa = PBXResourcesBuildPhase;
			buildActionMask = 2147483647;
			files = (
			);
			runOnlyForDeploymentPostprocessing = 0;
		};
		AF4A13832D03E5EE002D1527 /* Resources */ = {
			isa = PBXResourcesBuildPhase;
			buildActionMask = 2147483647;
			files = (
			);
			runOnlyForDeploymentPostprocessing = 0;
		};
		AF4A138D2D03E5EE002D1527 /* Resources */ = {
			isa = PBXResourcesBuildPhase;
			buildActionMask = 2147483647;
			files = (
			);
			runOnlyForDeploymentPostprocessing = 0;
		};
/* End PBXResourcesBuildPhase section */

/* Begin PBXSourcesBuildPhase section */
		AF4A13712D03E5ED002D1527 /* Sources */ = {
			isa = PBXSourcesBuildPhase;
			buildActionMask = 2147483647;
			files = (
			);
			runOnlyForDeploymentPostprocessing = 0;
		};
		AF4A13812D03E5EE002D1527 /* Sources */ = {
			isa = PBXSourcesBuildPhase;
			buildActionMask = 2147483647;
			files = (
			);
			runOnlyForDeploymentPostprocessing = 0;
		};
		AF4A138B2D03E5EE002D1527 /* Sources */ = {
			isa = PBXSourcesBuildPhase;
			buildActionMask = 2147483647;
			files = (
			);
			runOnlyForDeploymentPostprocessing = 0;
		};
/* End PBXSourcesBuildPhase section */

/* Begin PBXTargetDependency section */
		AF4A13872D03E5EE002D1527 /* PBXTargetDependency */ = {
			isa = PBXTargetDependency;
			target = AF4A13742D03E5ED002D1527 /* MyVesre */;
			targetProxy = AF4A13862D03E5EE002D1527 /* PBXContainerItemProxy */;
		};
		AF4A13912D03E5EE002D1527 /* PBXTargetDependency */ = {
			isa = PBXTargetDependency;
			target = AF4A13742D03E5ED002D1527 /* MyVesre */;
			targetProxy = AF4A13902D03E5EE002D1527 /* PBXContainerItemProxy */;
		};
/* End PBXTargetDependency section */

/* Begin XCBuildConfiguration section */
		AF4A13972D03E5EE002D1527 /* Debug */ = {
			isa = XCBuildConfiguration;
			buildSettings = {
				ALWAYS_SEARCH_USER_PATHS = NO;
				ASSETCATALOG_COMPILER_GENERATE_SWIFT_ASSET_SYMBOL_EXTENSIONS = YES;
				CLANG_ANALYZER_NONNULL = YES;
				CLANG_ANALYZER_NUMBER_OBJECT_CONVERSION = YES_AGGRESSIVE;
				CLANG_CXX_LANGUAGE_STANDARD = "gnu++20";
				CLANG_ENABLE_MODULES = YES;
				CLANG_ENABLE_OBJC_ARC = YES;
				CLANG_ENABLE_OBJC_WEAK = YES;
				CLANG_WARN_BLOCK_CAPTURE_AUTORELEASING = YES;
				CLANG_WARN_BOOL_CONVERSION = YES;
				CLANG_WARN_COMMA = YES;
				CLANG_WARN_CONSTANT_CONVERSION = YES;
				CLANG_WARN_DEPRECATED_OBJC_IMPLEMENTATIONS = YES;
				CLANG_WARN_DIRECT_OBJC_ISA_USAGE = YES_ERROR;
				CLANG_WARN_DOCUMENTATION_COMMENTS = YES;
				CLANG_WARN_EMPTY_BODY = YES;
				CLANG_WARN_ENUM_CONVERSION = YES;
				CLANG_WARN_INFINITE_RECURSION = YES;
				CLANG_WARN_INT_CONVERSION = YES;
				CLANG_WARN_NON_LITERAL_NULL_CONVERSION = YES;
				CLANG_WARN_OBJC_IMPLICIT_RETAIN_SELF = YES;
				CLANG_WARN_OBJC_LITERAL_CONVERSION = YES;
				CLANG_WARN_OBJC_ROOT_CLASS = YES_ERROR;
				CLANG_WARN_QUOTED_INCLUDE_IN_FRAMEWORK_HEADER = YES;
				CLANG_WARN_RANGE_LOOP_ANALYSIS = YES;
				CLANG_WARN_STRICT_PROTOTYPES = YES;
				CLANG_WARN_SUSPICIOUS_MOVE = YES;
				CLANG_WARN_UNGUARDED_AVAILABILITY = YES_AGGRESSIVE;
				CLANG_WARN_UNREACHABLE_CODE = YES;
				CLANG_WARN__DUPLICATE_METHOD_MATCH = YES;
				COPY_PHASE_STRIP = NO;
				DEBUG_INFORMATION_FORMAT = dwarf;
				ENABLE_STRICT_OBJC_MSGSEND = YES;
				ENABLE_TESTABILITY = YES;
				ENABLE_USER_SCRIPT_SANDBOXING = YES;
				GCC_C_LANGUAGE_STANDARD = gnu17;
				GCC_DYNAMIC_NO_PIC = NO;
				GCC_NO_COMMON_BLOCKS = YES;
				GCC_OPTIMIZATION_LEVEL = 0;
				GCC_PREPROCESSOR_DEFINITIONS = (
					"DEBUG=1",
					"$(inherited)",
				);
				GCC_WARN_64_TO_32_BIT_CONVERSION = YES;
				GCC_WARN_ABOUT_RETURN_TYPE = YES_ERROR;
				GCC_WARN_UNDECLARED_SELECTOR = YES;
				GCC_WARN_UNINITIALIZED_AUTOS = YES_AGGRESSIVE;
				GCC_WARN_UNUSED_FUNCTION = YES;
				GCC_WARN_UNUSED_VARIABLE = YES;
				IPHONEOS_DEPLOYMENT_TARGET = 18.1;
				LOCALIZATION_PREFERS_STRING_CATALOGS = YES;
				MTL_ENABLE_DEBUG_INFO = INCLUDE_SOURCE;
				MTL_FAST_MATH = YES;
				ONLY_ACTIVE_ARCH = YES;
				SDKROOT = iphoneos;
				SWIFT_ACTIVE_COMPILATION_CONDITIONS = "DEBUG $(inherited)";
				SWIFT_OPTIMIZATION_LEVEL = "-Onone";
			};
			name = Debug;
		};
		AF4A13982D03E5EE002D1527 /* Release */ = {
			isa = XCBuildConfiguration;
			buildSettings = {
				ALWAYS_SEARCH_USER_PATHS = NO;
				ASSETCATALOG_COMPILER_GENERATE_SWIFT_ASSET_SYMBOL_EXTENSIONS = YES;
				CLANG_ANALYZER_NONNULL = YES;
				CLANG_ANALYZER_NUMBER_OBJECT_CONVERSION = YES_AGGRESSIVE;
				CLANG_CXX_LANGUAGE_STANDARD = "gnu++20";
				CLANG_ENABLE_MODULES = YES;
				CLANG_ENABLE_OBJC_ARC = YES;
				CLANG_ENABLE_OBJC_WEAK = YES;
				CLANG_WARN_BLOCK_CAPTURE_AUTORELEASING = YES;
				CLANG_WARN_BOOL_CONVERSION = YES;
				CLANG_WARN_COMMA = YES;
				CLANG_WARN_CONSTANT_CONVERSION = YES;
				CLANG_WARN_DEPRECATED_OBJC_IMPLEMENTATIONS = YES;
				CLANG_WARN_DIRECT_OBJC_ISA_USAGE = YES_ERROR;
				CLANG_WARN_DOCUMENTATION_COMMENTS = YES;
				CLANG_WARN_EMPTY_BODY = YES;
				CLANG_WARN_ENUM_CONVERSION = YES;
				CLANG_WARN_INFINITE_RECURSION = YES;
				CLANG_WARN_INT_CONVERSION = YES;
				CLANG_WARN_NON_LITERAL_NULL_CONVERSION = YES;
				CLANG_WARN_OBJC_IMPLICIT_RETAIN_SELF = YES;
				CLANG_WARN_OBJC_LITERAL_CONVERSION = YES;
				CLANG_WARN_OBJC_ROOT_CLASS = YES_ERROR;
				CLANG_WARN_QUOTED_INCLUDE_IN_FRAMEWORK_HEADER = YES;
				CLANG_WARN_RANGE_LOOP_ANALYSIS = YES;
				CLANG_WARN_STRICT_PROTOTYPES = YES;
				CLANG_WARN_SUSPICIOUS_MOVE = YES;
				CLANG_WARN_UNGUARDED_AVAILABILITY = YES_AGGRESSIVE;
				CLANG_WARN_UNREACHABLE_CODE = YES;
				CLANG_WARN__DUPLICATE_METHOD_MATCH = YES;
				COPY_PHASE_STRIP = NO;
				DEBUG_INFORMATION_FORMAT = "dwarf-with-dsym";
				ENABLE_NS_ASSERTIONS = NO;
				ENABLE_STRICT_OBJC_MSGSEND = YES;
				ENABLE_USER_SCRIPT_SANDBOXING = YES;
				GCC_C_LANGUAGE_STANDARD = gnu17;
				GCC_NO_COMMON_BLOCKS = YES;
				GCC_WARN_64_TO_32_BIT_CONVERSION = YES;
				GCC_WARN_ABOUT_RETURN_TYPE = YES_ERROR;
				GCC_WARN_UNDECLARED_SELECTOR = YES;
				GCC_WARN_UNINITIALIZED_AUTOS = YES_AGGRESSIVE;
				GCC_WARN_UNUSED_FUNCTION = YES;
				GCC_WARN_UNUSED_VARIABLE = YES;
				IPHONEOS_DEPLOYMENT_TARGET = 18.1;
				LOCALIZATION_PREFERS_STRING_CATALOGS = YES;
				MTL_ENABLE_DEBUG_INFO = NO;
				MTL_FAST_MATH = YES;
				SDKROOT = iphoneos;
				SWIFT_COMPILATION_MODE = wholemodule;
				VALIDATE_PRODUCT = YES;
			};
			name = Release;
		};
		AF4A139A2D03E5EE002D1527 /* Debug */ = {
			isa = XCBuildConfiguration;
			buildSettings = {
				ASSETCATALOG_COMPILER_APPICON_NAME = AppIcon;
				ASSETCATALOG_COMPILER_GLOBAL_ACCENT_COLOR_NAME = AccentColor;
				CODE_SIGN_STYLE = Automatic;
				CURRENT_PROJECT_VERSION = 1;
				DEVELOPMENT_TEAM = ZWTS2P7AH7;
				ENABLE_PREVIEWS = YES;
				GENERATE_INFOPLIST_FILE = YES;
				INFOPLIST_KEY_LSApplicationCategoryType = "public.app-category.lifestyle";
				INFOPLIST_KEY_UIApplicationSceneManifest_Generation = YES;
				INFOPLIST_KEY_UIApplicationSupportsIndirectInputEvents = YES;
				INFOPLIST_KEY_UILaunchScreen_Generation = YES;
				INFOPLIST_KEY_UISupportedInterfaceOrientations = UIInterfaceOrientationPortrait;
				INFOPLIST_KEY_UISupportedInterfaceOrientations_iPad = "UIInterfaceOrientationLandscapeLeft UIInterfaceOrientationLandscapeRight UIInterfaceOrientationPortrait UIInterfaceOrientationPortraitUpsideDown";
				IPHONEOS_DEPLOYMENT_TARGET = 17.6;
				LD_RUNPATH_SEARCH_PATHS = (
					"$(inherited)",
					"@executable_path/Frameworks",
				);
				MARKETING_VERSION = 1.0;
				PRODUCT_BUNDLE_IDENTIFIER = com.onemorethink.MyVesre;
				PRODUCT_NAME = "$(TARGET_NAME)";
				SUPPORTED_PLATFORMS = "iphoneos iphonesimulator";
				SUPPORTS_MACCATALYST = NO;
				SUPPORTS_MAC_DESIGNED_FOR_IPHONE_IPAD = NO;
				SUPPORTS_XR_DESIGNED_FOR_IPHONE_IPAD = NO;
				SWIFT_EMIT_LOC_STRINGS = YES;
				SWIFT_VERSION = 5.0;
				TARGETED_DEVICE_FAMILY = 1;
			};
			name = Debug;
		};
		AF4A139B2D03E5EE002D1527 /* Release */ = {
			isa = XCBuildConfiguration;
			buildSettings = {
				ASSETCATALOG_COMPILER_APPICON_NAME = AppIcon;
				ASSETCATALOG_COMPILER_GLOBAL_ACCENT_COLOR_NAME = AccentColor;
				CODE_SIGN_STYLE = Automatic;
				CURRENT_PROJECT_VERSION = 1;
				DEVELOPMENT_TEAM = ZWTS2P7AH7;
				ENABLE_PREVIEWS = YES;
				GENERATE_INFOPLIST_FILE = YES;
				INFOPLIST_KEY_LSApplicationCategoryType = "public.app-category.lifestyle";
				INFOPLIST_KEY_UIApplicationSceneManifest_Generation = YES;
				INFOPLIST_KEY_UIApplicationSupportsIndirectInputEvents = YES;
				INFOPLIST_KEY_UILaunchScreen_Generation = YES;
				INFOPLIST_KEY_UISupportedInterfaceOrientations = UIInterfaceOrientationPortrait;
				INFOPLIST_KEY_UISupportedInterfaceOrientations_iPad = "UIInterfaceOrientationLandscapeLeft UIInterfaceOrientationLandscapeRight UIInterfaceOrientationPortrait UIInterfaceOrientationPortraitUpsideDown";
				IPHONEOS_DEPLOYMENT_TARGET = 17.6;
				LD_RUNPATH_SEARCH_PATHS = (
					"$(inherited)",
					"@executable_path/Frameworks",
				);
				MARKETING_VERSION = 1.0;
				PRODUCT_BUNDLE_IDENTIFIER = com.onemorethink.MyVesre;
				PRODUCT_NAME = "$(TARGET_NAME)";
				SUPPORTED_PLATFORMS = "iphoneos iphonesimulator";
				SUPPORTS_MACCATALYST = NO;
				SUPPORTS_MAC_DESIGNED_FOR_IPHONE_IPAD = NO;
				SUPPORTS_XR_DESIGNED_FOR_IPHONE_IPAD = NO;
				SWIFT_EMIT_LOC_STRINGS = YES;
				SWIFT_VERSION = 5.0;
				TARGETED_DEVICE_FAMILY = 1;
			};
			name = Release;
		};
		AF4A139D2D03E5EE002D1527 /* Debug */ = {
			isa = XCBuildConfiguration;
			buildSettings = {
				BUNDLE_LOADER = "$(TEST_HOST)";
				CODE_SIGN_STYLE = Automatic;
				CURRENT_PROJECT_VERSION = 1;
				DEVELOPMENT_TEAM = ZWTS2P7AH7;
				GENERATE_INFOPLIST_FILE = YES;
				IPHONEOS_DEPLOYMENT_TARGET = 18.1;
				MARKETING_VERSION = 1.0;
				PRODUCT_BUNDLE_IDENTIFIER = com.onemorethink.MyVesreTests;
				PRODUCT_NAME = "$(TARGET_NAME)";
				SWIFT_EMIT_LOC_STRINGS = NO;
				SWIFT_VERSION = 5.0;
				TARGETED_DEVICE_FAMILY = "1,2";
				TEST_HOST = "$(BUILT_PRODUCTS_DIR)/MyVesre.app/$(BUNDLE_EXECUTABLE_FOLDER_PATH)/MyVesre";
			};
			name = Debug;
		};
		AF4A139E2D03E5EE002D1527 /* Release */ = {
			isa = XCBuildConfiguration;
			buildSettings = {
				BUNDLE_LOADER = "$(TEST_HOST)";
				CODE_SIGN_STYLE = Automatic;
				CURRENT_PROJECT_VERSION = 1;
				DEVELOPMENT_TEAM = ZWTS2P7AH7;
				GENERATE_INFOPLIST_FILE = YES;
				IPHONEOS_DEPLOYMENT_TARGET = 18.1;
				MARKETING_VERSION = 1.0;
				PRODUCT_BUNDLE_IDENTIFIER = com.onemorethink.MyVesreTests;
				PRODUCT_NAME = "$(TARGET_NAME)";
				SWIFT_EMIT_LOC_STRINGS = NO;
				SWIFT_VERSION = 5.0;
				TARGETED_DEVICE_FAMILY = "1,2";
				TEST_HOST = "$(BUILT_PRODUCTS_DIR)/MyVesre.app/$(BUNDLE_EXECUTABLE_FOLDER_PATH)/MyVesre";
			};
			name = Release;
		};
		AF4A13A02D03E5EE002D1527 /* Debug */ = {
			isa = XCBuildConfiguration;
			buildSettings = {
				CODE_SIGN_STYLE = Automatic;
				CURRENT_PROJECT_VERSION = 1;
				DEVELOPMENT_TEAM = ZWTS2P7AH7;
				GENERATE_INFOPLIST_FILE = YES;
				MARKETING_VERSION = 1.0;
				PRODUCT_BUNDLE_IDENTIFIER = com.onemorethink.MyVesreUITests;
				PRODUCT_NAME = "$(TARGET_NAME)";
				SWIFT_EMIT_LOC_STRINGS = NO;
				SWIFT_VERSION = 5.0;
				TARGETED_DEVICE_FAMILY = "1,2";
				TEST_TARGET_NAME = MyVesre;
			};
			name = Debug;
		};
		AF4A13A12D03E5EE002D1527 /* Release */ = {
			isa = XCBuildConfiguration;
			buildSettings = {
				CODE_SIGN_STYLE = Automatic;
				CURRENT_PROJECT_VERSION = 1;
				DEVELOPMENT_TEAM = ZWTS2P7AH7;
				GENERATE_INFOPLIST_FILE = YES;
				MARKETING_VERSION = 1.0;
				PRODUCT_BUNDLE_IDENTIFIER = com.onemorethink.MyVesreUITests;
				PRODUCT_NAME = "$(TARGET_NAME)";
				SWIFT_EMIT_LOC_STRINGS = NO;
				SWIFT_VERSION = 5.0;
				TARGETED_DEVICE_FAMILY = "1,2";
				TEST_TARGET_NAME = MyVesre;
			};
			name = Release;
		};
/* End XCBuildConfiguration section */

/* Begin XCConfigurationList section */
		AF4A13702D03E5ED002D1527 /* Build configuration list for PBXProject "MyVesre" */ = {
			isa = XCConfigurationList;
			buildConfigurations = (
				AF4A13972D03E5EE002D1527 /* Debug */,
				AF4A13982D03E5EE002D1527 /* Release */,
			);
			defaultConfigurationIsVisible = 0;
			defaultConfigurationName = Release;
		};
		AF4A13992D03E5EE002D1527 /* Build configuration list for PBXNativeTarget "MyVesre" */ = {
			isa = XCConfigurationList;
			buildConfigurations = (
				AF4A139A2D03E5EE002D1527 /* Debug */,
				AF4A139B2D03E5EE002D1527 /* Release */,
			);
			defaultConfigurationIsVisible = 0;
			defaultConfigurationName = Release;
		};
		AF4A139C2D03E5EE002D1527 /* Build configuration list for PBXNativeTarget "MyVesreTests" */ = {
			isa = XCConfigurationList;
			buildConfigurations = (
				AF4A139D2D03E5EE002D1527 /* Debug */,
				AF4A139E2D03E5EE002D1527 /* Release */,
			);
			defaultConfigurationIsVisible = 0;
			defaultConfigurationName = Release;
		};
		AF4A139F2D03E5EE002D1527 /* Build configuration list for PBXNativeTarget "MyVesreUITests" */ = {
			isa = XCConfigurationList;
			buildConfigurations = (
				AF4A13A02D03E5EE002D1527 /* Debug */,
				AF4A13A12D03E5EE002D1527 /* Release */,
			);
			defaultConfigurationIsVisible = 0;
			defaultConfigurationName = Release;
		};
/* End XCConfigurationList section */

/* Begin XCRemoteSwiftPackageReference section */
		AF4A140A2D05D86B002D1527 /* XCRemoteSwiftPackageReference "firebase-ios-sdk" */ = {
			isa = XCRemoteSwiftPackageReference;
			repositoryURL = "https://github.com/firebase/firebase-ios-sdk";
			requirement = {
				kind = upToNextMajorVersion;
				minimumVersion = 11.6.0;
			};
		};
/* End XCRemoteSwiftPackageReference section */

/* Begin XCSwiftPackageProductDependency section */
		AF4A140B2D05D86B002D1527 /* FirebaseAnalytics */ = {
			isa = XCSwiftPackageProductDependency;
			package = AF4A140A2D05D86B002D1527 /* XCRemoteSwiftPackageReference "firebase-ios-sdk" */;
			productName = FirebaseAnalytics;
		};
/* End XCSwiftPackageProductDependency section */
	};
	rootObject = AF4A136D2D03E5ED002D1527 /* Project object */;
}
